
Microsoft Visual Studio Solution File, Format Version 12.00
# Visual Studio Version 16
VisualStudioVersion = 16.0.31025.194
MinimumVisualStudioVersion = 10.0.40219.1
Project("{9A19103F-16F7-4668-BE54-9A1E7A4F7556}") = "BookStore3", "BookStore3\BookStore3.csproj", "{5A8165F9-8513-4535-B062-1D5ABB389CCA}"
EndProject
Project("{FAE04EC0-301F-11D3-BF4B-00C04F79EFBC}") = "Services", "Services\Services.csproj", "{55FB6AE4-3BFC-4B6F-A0E0-DF467B9F6DC3}"
	ProjectSection(ProjectDependencies) = postProject
		{5A8165F9-8513-4535-B062-1D5ABB389CCA} = {5A8165F9-8513-4535-B062-1D5ABB389CCA}
	EndProjectSection
EndProject
Global
	GlobalSection(SolutionConfigurationPlatforms) = preSolution
		Debug|Any CPU = Debug|Any CPU
		Release|Any CPU = Release|Any CPU
	EndGlobalSection
	GlobalSection(ProjectConfigurationPlatforms) = postSolution
		{5A8165F9-8513-4535-B062-1D5ABB389CCA}.Debug|Any CPU.ActiveCfg = Debug|Any CPU
		{5A8165F9-8513-4535-B062-1D5ABB389CCA}.Debug|Any CPU.Build.0 = Debug|Any CPU
		{5A8165F9-8513-4535-B062-1D5ABB389CCA}.Release|Any CPU.ActiveCfg = Release|Any CPU
		{5A8165F9-8513-4535-B062-1D5ABB389CCA}.Release|Any CPU.Build.0 = Release|Any CPU
		{55FB6AE4-3BFC-4B6F-A0E0-DF467B9F6DC3}.Debug|Any CPU.ActiveCfg = Debug|Any CPU
		{55FB6AE4-3BFC-4B6F-A0E0-DF467B9F6DC3}.Debug|Any CPU.Build.0 = Debug|Any CPU
		{55FB6AE4-3BFC-4B6F-A0E0-DF467B9F6DC3}.Release|Any CPU.ActiveCfg = Release|Any CPU
		{55FB6AE4-3BFC-4B6F-A0E0-DF467B9F6DC3}.Release|Any CPU.Build.0 = Release|Any CPU
	EndGlobalSection
	GlobalSection(SolutionProperties) = preSolution
		HideSolutionNode = FALSE
	EndGlobalSection
	GlobalSection(ExtensibilityGlobals) = postSolution
		SolutionGuid = {A0360F18-AE53-4046-973A-D9F2A4CCBF6D}
	EndGlobalSection
EndGlobal
